
Microsoft Visual Studio Solution File, Format Version 12.00
# Visual Studio Version 16
VisualStudioVersion = 16.0.30717.126
MinimumVisualStudioVersion = 10.0.40219.1
Project("{FAE04EC0-301F-11D3-BF4B-00C04F79EFBC}") = "Calculadora", "Calculadora\Calculadora.csproj", "{944CB687-8DEA-4F32-8624-B2D8D38E8F49}"
EndProject
Global
	GlobalSection(SolutionConfigurationPlatforms) = preSolution
		Debug|Any CPU = Debug|Any CPU
		Release|Any CPU = Release|Any CPU
	EndGlobalSection
	GlobalSection(ProjectConfigurationPlatforms) = postSolution
		{944CB687-8DEA-4F32-8624-B2D8D38E8F49}.Debug|Any CPU.ActiveCfg = Debug|Any CPU
		{944CB687-8DEA-4F32-8624-B2D8D38E8F49}.Debug|Any CPU.Build.0 = Debug|Any CPU
		{944CB687-8DEA-4F32-8624-B2D8D38E8F49}.Release|Any CPU.ActiveCfg = Release|Any CPU
		{944CB687-8DEA-4F32-8624-B2D8D38E8F49}.Release|Any CPU.Build.0 = Release|Any CPU
	EndGlobalSection
	GlobalSection(SolutionProperties) = preSolution
		HideSolutionNode = FALSE
	EndGlobalSection
	GlobalSection(ExtensibilityGlobals) = postSolution
		SolutionGuid = {2D2D2133-93CE-4E13-9EA6-604557FDD5DD}
	EndGlobalSection
EndGlobal
